
Microsoft Visual Studio Solution File, Format Version 12.00
# Visual Studio Version 17
VisualStudioVersion = 17.10.35122.118
MinimumVisualStudioVersion = 10.0.40219.1
Project("{FAE04EC0-301F-11D3-BF4B-00C04F79EFBC}") = "ImageDescriptionApp", "ImageDescriptionApp.csproj", "{515E41EE-1283-431C-8103-9A289AC2FB16}"
EndProject
Global
	GlobalSection(SolutionConfigurationPlatforms) = preSolution
		Debug|Any CPU = Debug|Any CPU
		Release|Any CPU = Release|Any CPU
	EndGlobalSection
	GlobalSection(ProjectConfigurationPlatforms) = postSolution
		{515E41EE-1283-431C-8103-9A289AC2FB16}.Debug|Any CPU.ActiveCfg = Debug|Any CPU
		{515E41EE-1283-431C-8103-9A289AC2FB16}.Debug|Any CPU.Build.0 = Debug|Any CPU
		{515E41EE-1283-431C-8103-9A289AC2FB16}.Release|Any CPU.ActiveCfg = Release|Any CPU
		{515E41EE-1283-431C-8103-9A289AC2FB16}.Release|Any CPU.Build.0 = Release|Any CPU
	EndGlobalSection
	GlobalSection(SolutionProperties) = preSolution
		HideSolutionNode = FALSE
	EndGlobalSection
	GlobalSection(ExtensibilityGlobals) = postSolution
		SolutionGuid = {22D5939C-B94C-4DC2-8E08-5734EF44582A}
	EndGlobalSection
EndGlobal
